
Microsoft Visual Studio Solution File, Format Version 12.00
# Visual Studio 15
VisualStudioVersion = 15.0.27004.2005
MinimumVisualStudioVersion = 10.0.40219.1
Project("{FAE04EC0-301F-11D3-BF4B-00C04F79EFBC}") = "Diamond", "Diamond\Diamond.csproj", "{47953A65-139B-42E4-A526-5E1D46992555}"
EndProject
Global
	GlobalSection(SolutionConfigurationPlatforms) = preSolution
		Debug|Any CPU = Debug|Any CPU
		Release|Any CPU = Release|Any CPU
	EndGlobalSection
	GlobalSection(ProjectConfigurationPlatforms) = postSolution
		{47953A65-139B-42E4-A526-5E1D46992555}.Debug|Any CPU.ActiveCfg = Debug|Any CPU
		{47953A65-139B-42E4-A526-5E1D46992555}.Debug|Any CPU.Build.0 = Debug|Any CPU
		{47953A65-139B-42E4-A526-5E1D46992555}.Release|Any CPU.ActiveCfg = Release|Any CPU
		{47953A65-139B-42E4-A526-5E1D46992555}.Release|Any CPU.Build.0 = Release|Any CPU
	EndGlobalSection
	GlobalSection(SolutionProperties) = preSolution
		HideSolutionNode = FALSE
	EndGlobalSection
	GlobalSection(ExtensibilityGlobals) = postSolution
		SolutionGuid = {047118FF-2F28-45B3-824E-A734A0589AD2}
	EndGlobalSection
EndGlobal
